// !$*UTF8*$!
{
	archiveVersion = 1;
	classes = {
	};
	objectVersion = 50;
	objects = {

/* Begin PBXBuildFile section */
		3054BF7F22CCC73200442010 /* AppDelegate.swift in Sources */ = {isa = PBXBuildFile; fileRef = 3054BF7E22CCC73200442010 /* AppDelegate.swift */; };
		3054BF8122CCC73200442010 /* ViewController.swift in Sources */ = {isa = PBXBuildFile; fileRef = 3054BF8022CCC73200442010 /* ViewController.swift */; };
		3054BF8422CCC73200442010 /* Main.storyboard in Resources */ = {isa = PBXBuildFile; fileRef = 3054BF8222CCC73200442010 /* Main.storyboard */; };
		3054BF8722CCC73200442010 /* ClearScore_Test.xcdatamodeld in Sources */ = {isa = PBXBuildFile; fileRef = 3054BF8522CCC73200442010 /* ClearScore_Test.xcdatamodeld */; };
		3054BF8922CCC73300442010 /* Assets.xcassets in Resources */ = {isa = PBXBuildFile; fileRef = 3054BF8822CCC73300442010 /* Assets.xcassets */; };
		3054BF8C22CCC73300442010 /* LaunchScreen.storyboard in Resources */ = {isa = PBXBuildFile; fileRef = 3054BF8A22CCC73300442010 /* LaunchScreen.storyboard */; };
		3054BF9722CCC73300442010 /* ClearScore_TestTests.swift in Sources */ = {isa = PBXBuildFile; fileRef = 3054BF9622CCC73300442010 /* ClearScore_TestTests.swift */; };
/* End PBXBuildFile section */

/* Begin PBXContainerItemProxy section */
		3054BF9322CCC73300442010 /* PBXContainerItemProxy */ = {
			isa = PBXContainerItemProxy;
			containerPortal = 3054BF7322CCC73200442010 /* Project object */;
			proxyType = 1;
			remoteGlobalIDString = 3054BF7A22CCC73200442010;
			remoteInfo = "ClearScore-Test";
		};
/* End PBXContainerItemProxy section */

/* Begin PBXFileReference section */
		3054BF7B22CCC73200442010 /* ClearScore-Test.app */ = {isa = PBXFileReference; explicitFileType = wrapper.application; includeInIndex = 0; path = "ClearScore-Test.app"; sourceTree = BUILT_PRODUCTS_DIR; };
		3054BF7E22CCC73200442010 /* AppDelegate.swift */ = {isa = PBXFileReference; lastKnownFileType = sourcecode.swift; path = AppDelegate.swift; sourceTree = "<group>"; };
		3054BF8022CCC73200442010 /* ViewController.swift */ = {isa = PBXFileReference; lastKnownFileType = sourcecode.swift; path = ViewController.swift; sourceTree = "<group>"; };
		3054BF8322CCC73200442010 /* Base */ = {isa = PBXFileReference; lastKnownFileType = file.storyboard; name = Base; path = Base.lproj/Main.storyboard; sourceTree = "<group>"; };
		3054BF8622CCC73200442010 /* ClearScore_Test.xcdatamodel */ = {isa = PBXFileReference; lastKnownFileType = wrapper.xcdatamodel; path = ClearScore_Test.xcdatamodel; sourceTree = "<group>"; };
		3054BF8822CCC73300442010 /* Assets.xcassets */ = {isa = PBXFileReference; lastKnownFileType = folder.assetcatalog; path = Assets.xcassets; sourceTree = "<group>"; };
		3054BF8B22CCC73300442010 /* Base */ = {isa = PBXFileReference; lastKnownFileType = file.storyboard; name = Base; path = Base.lproj/LaunchScreen.storyboard; sourceTree = "<group>"; };
		3054BF8D22CCC73300442010 /* Info.plist */ = {isa = PBXFileReference; lastKnownFileType = text.plist.xml; path = Info.plist; sourceTree = "<group>"; };
		3054BF9222CCC73300442010 /* ClearScore-TestTests.xctest */ = {isa = PBXFileReference; explicitFileType = wrapper.cfbundle; includeInIndex = 0; path = "ClearScore-TestTests.xctest"; sourceTree = BUILT_PRODUCTS_DIR; };
		3054BF9622CCC73300442010 /* ClearScore_TestTests.swift */ = {isa = PBXFileReference; lastKnownFileType = sourcecode.swift; path = ClearScore_TestTests.swift; sourceTree = "<group>"; };
		3054BF9822CCC73300442010 /* Info.plist */ = {isa = PBXFileReference; lastKnownFileType = text.plist.xml; path = Info.plist; sourceTree = "<group>"; };
/* End PBXFileReference section */

/* Begin PBXFrameworksBuildPhase section */
		3054BF7822CCC73200442010 /* Frameworks */ = {
			isa = PBXFrameworksBuildPhase;
			buildActionMask = 2147483647;
			files = (
			);
			runOnlyForDeploymentPostprocessing = 0;
		};
		3054BF8F22CCC73300442010 /* Frameworks */ = {
			isa = PBXFrameworksBuildPhase;
			buildActionMask = 2147483647;
			files = (
			);
			runOnlyForDeploymentPostprocessing = 0;
		};
/* End PBXFrameworksBuildPhase section */

/* Begin PBXGroup section */
		3054BF7222CCC73200442010 = {
			isa = PBXGroup;
			children = (
				3054BF7D22CCC73200442010 /* ClearScore-Test */,
				3054BF9522CCC73300442010 /* ClearScore-TestTests */,
				3054BF7C22CCC73200442010 /* Products */,
			);
			sourceTree = "<group>";
		};
		3054BF7C22CCC73200442010 /* Products */ = {
			isa = PBXGroup;
			children = (
				3054BF7B22CCC73200442010 /* ClearScore-Test.app */,
				3054BF9222CCC73300442010 /* ClearScore-TestTests.xctest */,
			);
			name = Products;
			sourceTree = "<group>";
		};
		3054BF7D22CCC73200442010 /* ClearScore-Test */ = {
			isa = PBXGroup;
			children = (
				3054BF7E22CCC73200442010 /* AppDelegate.swift */,
				3054BF8022CCC73200442010 /* ViewController.swift */,
				3054BF8222CCC73200442010 /* Main.storyboard */,
				3054BF8822CCC73300442010 /* Assets.xcassets */,
				3054BF8A22CCC73300442010 /* LaunchScreen.storyboard */,
				3054BF8D22CCC73300442010 /* Info.plist */,
				3054BF8522CCC73200442010 /* ClearScore_Test.xcdatamodeld */,
			);
			path = "ClearScore-Test";
			sourceTree = "<group>";
		};
		3054BF9522CCC73300442010 /* ClearScore-TestTests */ = {
			isa = PBXGroup;
			children = (
				3054BF9622CCC73300442010 /* ClearScore_TestTests.swift */,
				3054BF9822CCC73300442010 /* Info.plist */,
			);
			path = "ClearScore-TestTests";
			sourceTree = "<group>";
		};
/* End PBXGroup section */

/* Begin PBXNativeTarget section */
		3054BF7A22CCC73200442010 /* ClearScore-Test */ = {
			isa = PBXNativeTarget;
			buildConfigurationList = 3054BF9B22CCC73300442010 /* Build configuration list for PBXNativeTarget "ClearScore-Test" */;
			buildPhases = (
				3054BF7722CCC73200442010 /* Sources */,
				3054BF7822CCC73200442010 /* Frameworks */,
				3054BF7922CCC73200442010 /* Resources */,
			);
			buildRules = (
			);
			dependencies = (
			);
			name = "ClearScore-Test";
			productName = "ClearScore-Test";
			productReference = 3054BF7B22CCC73200442010 /* ClearScore-Test.app */;
			productType = "com.apple.product-type.application";
		};
		3054BF9122CCC73300442010 /* ClearScore-TestTests */ = {
			isa = PBXNativeTarget;
			buildConfigurationList = 3054BF9E22CCC73300442010 /* Build configuration list for PBXNativeTarget "ClearScore-TestTests" */;
			buildPhases = (
				3054BF8E22CCC73300442010 /* Sources */,
				3054BF8F22CCC73300442010 /* Frameworks */,
				3054BF9022CCC73300442010 /* Resources */,
			);
			buildRules = (
			);
			dependencies = (
				3054BF9422CCC73300442010 /* PBXTargetDependency */,
			);
			name = "ClearScore-TestTests";
			productName = "ClearScore-TestTests";
			productReference = 3054BF9222CCC73300442010 /* ClearScore-TestTests.xctest */;
			productType = "com.apple.product-type.bundle.unit-test";
		};
/* End PBXNativeTarget section */

/* Begin PBXProject section */
		3054BF7322CCC73200442010 /* Project object */ = {
			isa = PBXProject;
			attributes = {
				LastSwiftUpdateCheck = 1020;
				LastUpgradeCheck = 1020;
				ORGANIZATIONNAME = Jacob;
				TargetAttributes = {
					3054BF7A22CCC73200442010 = {
						CreatedOnToolsVersion = 10.2.1;
					};
					3054BF9122CCC73300442010 = {
						CreatedOnToolsVersion = 10.2.1;
						TestTargetID = 3054BF7A22CCC73200442010;
					};
				};
			};
			buildConfigurationList = 3054BF7622CCC73200442010 /* Build configuration list for PBXProject "ClearScore-Test" */;
			compatibilityVersion = "Xcode 9.3";
			developmentRegion = en;
			hasScannedForEncodings = 0;
			knownRegions = (
				en,
				Base,
			);
			mainGroup = 3054BF7222CCC73200442010;
			productRefGroup = 3054BF7C22CCC73200442010 /* Products */;
			projectDirPath = "";
			projectRoot = "";
			targets = (
				3054BF7A22CCC73200442010 /* ClearScore-Test */,
				3054BF9122CCC73300442010 /* ClearScore-TestTests */,
			);
		};
/* End PBXProject section */

/* Begin PBXResourcesBuildPhase section */
		3054BF7922CCC73200442010 /* Resources */ = {
			isa = PBXResourcesBuildPhase;
			buildActionMask = 2147483647;
			files = (
				3054BF8C22CCC73300442010 /* LaunchScreen.storyboard in Resources */,
				3054BF8922CCC73300442010 /* Assets.xcassets in Resources */,
				3054BF8422CCC73200442010 /* Main.storyboard in Resources */,
			);
			runOnlyForDeploymentPostprocessing = 0;
		};
		3054BF9022CCC73300442010 /* Resources */ = {
			isa = PBXResourcesBuildPhase;
			buildActionMask = 2147483647;
			files = (
			);
			runOnlyForDeploymentPostprocessing = 0;
		};
/* End PBXResourcesBuildPhase section */

/* Begin PBXSourcesBuildPhase section */
		3054BF7722CCC73200442010 /* Sources */ = {
			isa = PBXSourcesBuildPhase;
			buildActionMask = 2147483647;
			files = (
				3054BF8722CCC73200442010 /* ClearScore_Test.xcdatamodeld in Sources */,
				3054BF8122CCC73200442010 /* ViewController.swift in Sources */,
				3054BF7F22CCC73200442010 /* AppDelegate.swift in Sources */,
			);
			runOnlyForDeploymentPostprocessing = 0;
		};
		3054BF8E22CCC73300442010 /* Sources */ = {
			isa = PBXSourcesBuildPhase;
			buildActionMask = 2147483647;
			files = (
				3054BF9722CCC73300442010 /* ClearScore_TestTests.swift in Sources */,
			);
			runOnlyForDeploymentPostprocessing = 0;
		};
/* End PBXSourcesBuildPhase section */

/* Begin PBXTargetDependency section */
		3054BF9422CCC73300442010 /* PBXTargetDependency */ = {
			isa = PBXTargetDependency;
			target = 3054BF7A22CCC73200442010 /* ClearScore-Test */;
			targetProxy = 3054BF9322CCC73300442010 /* PBXContainerItemProxy */;
		};
/* End PBXTargetDependency section */

/* Begin PBXVariantGroup section */
		3054BF8222CCC73200442010 /* Main.storyboard */ = {
			isa = PBXVariantGroup;
			children = (
				3054BF8322CCC73200442010 /* Base */,
			);
			name = Main.storyboard;
			sourceTree = "<group>";
		};
		3054BF8A22CCC73300442010 /* LaunchScreen.storyboard */ = {
			isa = PBXVariantGroup;
			children = (
				3054BF8B22CCC73300442010 /* Base */,
			);
			name = LaunchScreen.storyboard;
			sourceTree = "<group>";
		};
/* End PBXVariantGroup section */

/* Begin XCBuildConfiguration section */
		3054BF9922CCC73300442010 /* Debug */ = {
			isa = XCBuildConfiguration;
			buildSettings = {
				ALWAYS_SEARCH_USER_PATHS = NO;
				CLANG_ANALYZER_NONNULL = YES;
				CLANG_ANALYZER_NUMBER_OBJECT_CONVERSION = YES_AGGRESSIVE;
				CLANG_CXX_LANGUAGE_STANDARD = "gnu++14";
				CLANG_CXX_LIBRARY = "libc++";
				CLANG_ENABLE_MODULES = YES;
				CLANG_ENABLE_OBJC_ARC = YES;
				CLANG_ENABLE_OBJC_WEAK = YES;
				CLANG_WARN_BLOCK_CAPTURE_AUTORELEASING = YES;
				CLANG_WARN_BOOL_CONVERSION = YES;
				CLANG_WARN_COMMA = YES;
				CLANG_WARN_CONSTANT_CONVERSION = YES;
				CLANG_WARN_DEPRECATED_OBJC_IMPLEMENTATIONS = YES;
				CLANG_WARN_DIRECT_OBJC_ISA_USAGE = YES_ERROR;
				CLANG_WARN_DOCUMENTATION_COMMENTS = YES;
				CLANG_WARN_EMPTY_BODY = YES;
				CLANG_WARN_ENUM_CONVERSION = YES;
				CLANG_WARN_INFINITE_RECURSION = YES;
				CLANG_WARN_INT_CONVERSION = YES;
				CLANG_WARN_NON_LITERAL_NULL_CONVERSION = YES;
				CLANG_WARN_OBJC_IMPLICIT_RETAIN_SELF = YES;
				CLANG_WARN_OBJC_LITERAL_CONVERSION = YES;
				CLANG_WARN_OBJC_ROOT_CLASS = YES_ERROR;
				CLANG_WARN_RANGE_LOOP_ANALYSIS = YES;
				CLANG_WARN_STRICT_PROTOTYPES = YES;
				CLANG_WARN_SUSPICIOUS_MOVE = YES;
				CLANG_WARN_UNGUARDED_AVAILABILITY = YES_AGGRESSIVE;
				CLANG_WARN_UNREACHABLE_CODE = YES;
				CLANG_WARN__DUPLICATE_METHOD_MATCH = YES;
				CODE_SIGN_IDENTITY = "iPhone Developer";
				COPY_PHASE_STRIP = NO;
				DEBUG_INFORMATION_FORMAT = dwarf;
				ENABLE_STRICT_OBJC_MSGSEND = YES;
				ENABLE_TESTABILITY = YES;
				GCC_C_LANGUAGE_STANDARD = gnu11;
				GCC_DYNAMIC_NO_PIC = NO;
				GCC_NO_COMMON_BLOCKS = YES;
				GCC_OPTIMIZATION_LEVEL = 0;
				GCC_PREPROCESSOR_DEFINITIONS = (
					"DEBUG=1",
					"$(inherited)",
				);
				GCC_WARN_64_TO_32_BIT_CONVERSION = YES;
				GCC_WARN_ABOUT_RETURN_TYPE = YES_ERROR;
				GCC_WARN_UNDECLARED_SELECTOR = YES;
				GCC_WARN_UNINITIALIZED_AUTOS = YES_AGGRESSIVE;
				GCC_WARN_UNUSED_FUNCTION = YES;
				GCC_WARN_UNUSED_VARIABLE = YES;
				IPHONEOS_DEPLOYMENT_TARGET = 12.2;
				MTL_ENABLE_DEBUG_INFO = INCLUDE_SOURCE;
				MTL_FAST_MATH = YES;
				ONLY_ACTIVE_ARCH = YES;
				SDKROOT = iphoneos;
				SWIFT_ACTIVE_COMPILATION_CONDITIONS = DEBUG;
				SWIFT_OPTIMIZATION_LEVEL = "-Onone";
			};
			name = Debug;
		};
		3054BF9A22CCC73300442010 /* Release */ = {
			isa = XCBuildConfiguration;
			buildSettings = {
				ALWAYS_SEARCH_USER_PATHS = NO;
				CLANG_ANALYZER_NONNULL = YES;
				CLANG_ANALYZER_NUMBER_OBJECT_CONVERSION = YES_AGGRESSIVE;
				CLANG_CXX_LANGUAGE_STANDARD = "gnu++14";
				CLANG_CXX_LIBRARY = "libc++";
				CLANG_ENABLE_MODULES = YES;
				CLANG_ENABLE_OBJC_ARC = YES;
				CLANG_ENABLE_OBJC_WEAK = YES;
				CLANG_WARN_BLOCK_CAPTURE_AUTORELEASING = YES;
				CLANG_WARN_BOOL_CONVERSION = YES;
				CLANG_WARN_COMMA = YES;
				CLANG_WARN_CONSTANT_CONVERSION = YES;
				CLANG_WARN_DEPRECATED_OBJC_IMPLEMENTATIONS = YES;
				CLANG_WARN_DIRECT_OBJC_ISA_USAGE = YES_ERROR;
				CLANG_WARN_DOCUMENTATION_COMMENTS = YES;
				CLANG_WARN_EMPTY_BODY = YES;
				CLANG_WARN_ENUM_CONVERSION = YES;
				CLANG_WARN_INFINITE_RECURSION = YES;
				CLANG_WARN_INT_CONVERSION = YES;
				CLANG_WARN_NON_LITERAL_NULL_CONVERSION = YES;
				CLANG_WARN_OBJC_IMPLICIT_RETAIN_SELF = YES;
				CLANG_WARN_OBJC_LITERAL_CONVERSION = YES;
				CLANG_WARN_OBJC_ROOT_CLASS = YES_ERROR;
				CLANG_WARN_RANGE_LOOP_ANALYSIS = YES;
				CLANG_WARN_STRICT_PROTOTYPES = YES;
				CLANG_WARN_SUSPICIOUS_MOVE = YES;
				CLANG_WARN_UNGUARDED_AVAILABILITY = YES_AGGRESSIVE;
				CLANG_WARN_UNREACHABLE_CODE = YES;
				CLANG_WARN__DUPLICATE_METHOD_MATCH = YES;
				CODE_SIGN_IDENTITY = "iPhone Developer";
				COPY_PHASE_STRIP = NO;
				DEBUG_INFORMATION_FORMAT = "dwarf-with-dsym";
				ENABLE_NS_ASSERTIONS = NO;
				ENABLE_STRICT_OBJC_MSGSEND = YES;
				GCC_C_LANGUAGE_STANDARD = gnu11;
				GCC_NO_COMMON_BLOCKS = YES;
				GCC_WARN_64_TO_32_BIT_CONVERSION = YES;
				GCC_WARN_ABOUT_RETURN_TYPE = YES_ERROR;
				GCC_WARN_UNDECLARED_SELECTOR = YES;
				GCC_WARN_UNINITIALIZED_AUTOS = YES_AGGRESSIVE;
				GCC_WARN_UNUSED_FUNCTION = YES;
				GCC_WARN_UNUSED_VARIABLE = YES;
				IPHONEOS_DEPLOYMENT_TARGET = 12.2;
				MTL_ENABLE_DEBUG_INFO = NO;
				MTL_FAST_MATH = YES;
				SDKROOT = iphoneos;
				SWIFT_COMPILATION_MODE = wholemodule;
				SWIFT_OPTIMIZATION_LEVEL = "-O";
				VALIDATE_PRODUCT = YES;
			};
			name = Release;
		};
		3054BF9C22CCC73300442010 /* Debug */ = {
			isa = XCBuildConfiguration;
			buildSettings = {
				ASSETCATALOG_COMPILER_APPICON_NAME = AppIcon;
				CODE_SIGN_STYLE = Automatic;
				DEVELOPMENT_TEAM = 3AS4TMWYGM;
				INFOPLIST_FILE = "ClearScore-Test/Info.plist";
				LD_RUNPATH_SEARCH_PATHS = (
					"$(inherited)",
					"@executable_path/Frameworks",
				);
				PRODUCT_BUNDLE_IDENTIFIER = "com.jacob.ClearScore-Test";
				PRODUCT_NAME = "$(TARGET_NAME)";
				SWIFT_VERSION = 5.0;
				TARGETED_DEVICE_FAMILY = "1,2";
			};
			name = Debug;
		};
		3054BF9D22CCC73300442010 /* Release */ = {
			isa = XCBuildConfiguration;
			buildSettings = {
				ASSETCATALOG_COMPILER_APPICON_NAME = AppIcon;
				CODE_SIGN_STYLE = Automatic;
				DEVELOPMENT_TEAM = 3AS4TMWYGM;
				INFOPLIST_FILE = "ClearScore-Test/Info.plist";
				LD_RUNPATH_SEARCH_PATHS = (
					"$(inherited)",
					"@executable_path/Frameworks",
				);
				PRODUCT_BUNDLE_IDENTIFIER = "com.jacob.ClearScore-Test";
				PRODUCT_NAME = "$(TARGET_NAME)";
				SWIFT_VERSION = 5.0;
				TARGETED_DEVICE_FAMILY = "1,2";
			};
			name = Release;
		};
		3054BF9F22CCC73300442010 /* Debug */ = {
			isa = XCBuildConfiguration;
			buildSettings = {
				ALWAYS_EMBED_SWIFT_STANDARD_LIBRARIES = YES;
				BUNDLE_LOADER = "$(TEST_HOST)";
				CODE_SIGN_STYLE = Automatic;
				DEVELOPMENT_TEAM = 3AS4TMWYGM;
				INFOPLIST_FILE = "ClearScore-TestTests/Info.plist";
				LD_RUNPATH_SEARCH_PATHS = (
					"$(inherited)",
					"@executable_path/Frameworks",
					"@loader_path/Frameworks",
				);
				PRODUCT_BUNDLE_IDENTIFIER = "com.jacob.ClearScore-TestTests";
				PRODUCT_NAME = "$(TARGET_NAME)";
				SWIFT_VERSION = 5.0;
				TARGETED_DEVICE_FAMILY = "1,2";
				TEST_HOST = "$(BUILT_PRODUCTS_DIR)/ClearScore-Test.app/ClearScore-Test";
			};
			name = Debug;
		};
		3054BFA022CCC73300442010 /* Release */ = {
			isa = XCBuildConfiguration;
			buildSettings = {
				ALWAYS_EMBED_SWIFT_STANDARD_LIBRARIES = YES;
				BUNDLE_LOADER = "$(TEST_HOST)";
				CODE_SIGN_STYLE = Automatic;
				DEVELOPMENT_TEAM = 3AS4TMWYGM;
				INFOPLIST_FILE = "ClearScore-TestTests/Info.plist";
				LD_RUNPATH_SEARCH_PATHS = (
					"$(inherited)",
					"@executable_path/Frameworks",
					"@loader_path/Frameworks",
				);
				PRODUCT_BUNDLE_IDENTIFIER = "com.jacob.ClearScore-TestTests";
				PRODUCT_NAME = "$(TARGET_NAME)";
				SWIFT_VERSION = 5.0;
				TARGETED_DEVICE_FAMILY = "1,2";
				TEST_HOST = "$(BUILT_PRODUCTS_DIR)/ClearScore-Test.app/ClearScore-Test";
			};
			name = Release;
		};
/* End XCBuildConfiguration section */

/* Begin XCConfigurationList section */
		3054BF7622CCC73200442010 /* Build configuration list for PBXProject "ClearScore-Test" */ = {
			isa = XCConfigurationList;
			buildConfigurations = (
				3054BF9922CCC73300442010 /* Debug */,
				3054BF9A22CCC73300442010 /* Release */,
			);
			defaultConfigurationIsVisible = 0;
			defaultConfigurationName = Release;
		};
		3054BF9B22CCC73300442010 /* Build configuration list for PBXNativeTarget "ClearScore-Test" */ = {
			isa = XCConfigurationList;
			buildConfigurations = (
				3054BF9C22CCC73300442010 /* Debug */,
				3054BF9D22CCC73300442010 /* Release */,
			);
			defaultConfigurationIsVisible = 0;
			defaultConfigurationName = Release;
		};
		3054BF9E22CCC73300442010 /* Build configuration list for PBXNativeTarget "ClearScore-TestTests" */ = {
			isa = XCConfigurationList;
			buildConfigurations = (
				3054BF9F22CCC73300442010 /* Debug */,
				3054BFA022CCC73300442010 /* Release */,
			);
			defaultConfigurationIsVisible = 0;
			defaultConfigurationName = Release;
		};
/* End XCConfigurationList section */

/* Begin XCVersionGroup section */
		3054BF8522CCC73200442010 /* ClearScore_Test.xcdatamodeld */ = {
			isa = XCVersionGroup;
			children = (
				3054BF8622CCC73200442010 /* ClearScore_Test.xcdatamodel */,
			);
			currentVersion = 3054BF8622CCC73200442010 /* ClearScore_Test.xcdatamodel */;
			path = ClearScore_Test.xcdatamodeld;
			sourceTree = "<group>";
			versionGroupType = wrapper.xcdatamodel;
		};
/* End XCVersionGroup section */
	};
	rootObject = 3054BF7322CCC73200442010 /* Project object */;
}
